
Microsoft Visual Studio Solution File, Format Version 12.00
# Visual Studio Version 16
VisualStudioVersion = 16.0.29020.237
MinimumVisualStudioVersion = 10.0.40219.1
Project("{9A19103F-16F7-4668-BE54-9A1E7A4F7556}") = "ImageUrlCheck", "ImageUrlCheck.csproj", "{9AB9A0B0-02D2-4CDD-B533-294CECD9CEB7}"
EndProject
Global
	GlobalSection(SolutionConfigurationPlatforms) = preSolution
		Debug|Any CPU = Debug|Any CPU
		Release|Any CPU = Release|Any CPU
	EndGlobalSection
	GlobalSection(ProjectConfigurationPlatforms) = postSolution
		{9AB9A0B0-02D2-4CDD-B533-294CECD9CEB7}.Debug|Any CPU.ActiveCfg = Debug|Any CPU
		{9AB9A0B0-02D2-4CDD-B533-294CECD9CEB7}.Debug|Any CPU.Build.0 = Debug|Any CPU
		{9AB9A0B0-02D2-4CDD-B533-294CECD9CEB7}.Release|Any CPU.ActiveCfg = Release|Any CPU
		{9AB9A0B0-02D2-4CDD-B533-294CECD9CEB7}.Release|Any CPU.Build.0 = Release|Any CPU
	EndGlobalSection
	GlobalSection(SolutionProperties) = preSolution
		HideSolutionNode = FALSE
	EndGlobalSection
	GlobalSection(ExtensibilityGlobals) = postSolution
		SolutionGuid = {494700C2-1D91-4B52-95C2-64E798D34BD3}
	EndGlobalSection
EndGlobal
